
Microsoft Visual Studio Solution File, Format Version 12.00
# Visual Studio 15
VisualStudioVersion = 15.0.27428.2011
MinimumVisualStudioVersion = 10.0.40219.1
Project("{9A19103F-16F7-4668-BE54-9A1E7A4F7556}") = "HistoryExportTool", "HistoryExportTool\HistoryExportTool.csproj", "{F785F05C-9439-4B7F-9762-16C0DEB5E207}"
EndProject
Project("{2150E333-8FDC-42A3-9474-1A3956D46DE8}") = "SolutionItems", "SolutionItems", "{58787163-F73A-4B60-8117-503074650DC6}"
	ProjectSection(SolutionItems) = preProject
		NuGet.config = NuGet.config
	EndProjectSection
EndProject
Global
	GlobalSection(SolutionConfigurationPlatforms) = preSolution
		Debug|Any CPU = Debug|Any CPU
		Release|Any CPU = Release|Any CPU
	EndGlobalSection
	GlobalSection(ProjectConfigurationPlatforms) = postSolution
		{F785F05C-9439-4B7F-9762-16C0DEB5E207}.Debug|Any CPU.ActiveCfg = Debug|Any CPU
		{F785F05C-9439-4B7F-9762-16C0DEB5E207}.Debug|Any CPU.Build.0 = Debug|Any CPU
		{F785F05C-9439-4B7F-9762-16C0DEB5E207}.Release|Any CPU.ActiveCfg = Release|Any CPU
		{F785F05C-9439-4B7F-9762-16C0DEB5E207}.Release|Any CPU.Build.0 = Release|Any CPU
	EndGlobalSection
	GlobalSection(SolutionProperties) = preSolution
		HideSolutionNode = FALSE
	EndGlobalSection
	GlobalSection(ExtensibilityGlobals) = postSolution
		SolutionGuid = {219E8599-94C9-4ED5-A736-05F861091FF8}
	EndGlobalSection
EndGlobal
